// !$*UTF8*$!
{
	archiveVersion = 1;
	classes = {
	};
	objectVersion = 46;
	objects = {

/* Begin PBXBuildFile section */
		B9F6746814E0ECA0007B93CE /* UIKit.framework in Frameworks */ = {isa = PBXBuildFile; fileRef = B9F6746714E0ECA0007B93CE /* UIKit.framework */; };
		B9F6746A14E0ECA0007B93CE /* Foundation.framework in Frameworks */ = {isa = PBXBuildFile; fileRef = B9F6746914E0ECA0007B93CE /* Foundation.framework */; };
		B9F6746C14E0ECA0007B93CE /* CoreGraphics.framework in Frameworks */ = {isa = PBXBuildFile; fileRef = B9F6746B14E0ECA0007B93CE /* CoreGraphics.framework */; };
		B9F6749A14E0EE42007B93CE /* AppDelegate.m in Sources */ = {isa = PBXBuildFile; fileRef = B9F6749314E0EE42007B93CE /* AppDelegate.m */; };
		B9F6749B14E0EE42007B93CE /* FlipsideViewController.m in Sources */ = {isa = PBXBuildFile; fileRef = B9F6749614E0EE42007B93CE /* FlipsideViewController.m */; };
		B9F6749C14E0EE42007B93CE /* MainViewController.m in Sources */ = {isa = PBXBuildFile; fileRef = B9F6749814E0EE42007B93CE /* MainViewController.m */; };
		B9F6749D14E0EE42007B93CE /* main.m in Sources */ = {isa = PBXBuildFile; fileRef = B9F6749914E0EE42007B93CE /* main.m */; };
		B9F674A614E0EEB7007B93CE /* FlipsideViewController.xib in Resources */ = {isa = PBXBuildFile; fileRef = B9F674A014E0EEB7007B93CE /* FlipsideViewController.xib */; };
		B9F674A714E0EEB7007B93CE /* InfoPlist.strings in Resources */ = {isa = PBXBuildFile; fileRef = B9F674A214E0EEB7007B93CE /* InfoPlist.strings */; };
		B9F674A814E0EEB7007B93CE /* MainViewController.xib in Resources */ = {isa = PBXBuildFile; fileRef = B9F674A414E0EEB7007B93CE /* MainViewController.xib */; };
		B9F674AA14E0EED0007B93CE /* CedarBoilerplate-Info.plist in Resources */ = {isa = PBXBuildFile; fileRef = B9F674A914E0EED0007B93CE /* CedarBoilerplate-Info.plist */; };
		B9F6751414E0F3F9007B93CE /* UIKit.framework in Frameworks */ = {isa = PBXBuildFile; fileRef = B9F6746714E0ECA0007B93CE /* UIKit.framework */; };
		B9F6751514E0F3F9007B93CE /* Foundation.framework in Frameworks */ = {isa = PBXBuildFile; fileRef = B9F6746914E0ECA0007B93CE /* Foundation.framework */; };
		B9F6751614E0F3F9007B93CE /* CoreGraphics.framework in Frameworks */ = {isa = PBXBuildFile; fileRef = B9F6746B14E0ECA0007B93CE /* CoreGraphics.framework */; };
		B9F6753F14E0F503007B93CE /* main.m in Sources */ = {isa = PBXBuildFile; fileRef = B9F6753C14E0F503007B93CE /* main.m */; };
		B9F6754014E0F503007B93CE /* UISpecs-Info.plist in Resources */ = {isa = PBXBuildFile; fileRef = B9F6753D14E0F503007B93CE /* UISpecs-Info.plist */; };
		B9F6754114E0F592007B93CE /* libCedar-StaticLib.a in Frameworks */ = {isa = PBXBuildFile; fileRef = B9F6750514E0F323007B93CE /* libCedar-StaticLib.a */; };
		B9F6754614E0FD13007B93CE /* FlipsideViewController.m in Sources */ = {isa = PBXBuildFile; fileRef = B9F6749614E0EE42007B93CE /* FlipsideViewController.m */; };
		B9F6754714E0FD13007B93CE /* MainViewController.m in Sources */ = {isa = PBXBuildFile; fileRef = B9F6749814E0EE42007B93CE /* MainViewController.m */; };
		B9F6754A14E0FD84007B93CE /* MainViewControllerSpec.mm in Sources */ = {isa = PBXBuildFile; fileRef = B9F6754914E0FD84007B93CE /* MainViewControllerSpec.mm */; };
		B9F6754B14E0FF75007B93CE /* MainViewController.xib in Resources */ = {isa = PBXBuildFile; fileRef = B9F674A414E0EEB7007B93CE /* MainViewController.xib */; };
		B9F6754C14E0FF79007B93CE /* FlipsideViewController.xib in Resources */ = {isa = PBXBuildFile; fileRef = B9F674A014E0EEB7007B93CE /* FlipsideViewController.xib */; };
/* End PBXBuildFile section */

/* Begin PBXContainerItemProxy section */
		B9F674FE14E0F323007B93CE /* PBXContainerItemProxy */ = {
			isa = PBXContainerItemProxy;
			containerPortal = B9F674EA14E0F322007B93CE /* Cedar.xcodeproj */;
			proxyType = 2;
			remoteGlobalIDString = AEEE1FB611DC271300029872;
			remoteInfo = Cedar;
		};
		B9F6750014E0F323007B93CE /* PBXContainerItemProxy */ = {
			isa = PBXContainerItemProxy;
			containerPortal = B9F674EA14E0F322007B93CE /* Cedar.xcodeproj */;
			proxyType = 2;
			remoteGlobalIDString = AEEE218611DC28E200029872;
			remoteInfo = Specs;
		};
		B9F6750214E0F323007B93CE /* PBXContainerItemProxy */ = {
			isa = PBXContainerItemProxy;
			containerPortal = B9F674EA14E0F322007B93CE /* Cedar.xcodeproj */;
			proxyType = 2;
			remoteGlobalIDString = 96A07F0813F276640021974D;
			remoteInfo = FocusedSpecs;
		};
		B9F6750414E0F323007B93CE /* PBXContainerItemProxy */ = {
			isa = PBXContainerItemProxy;
			containerPortal = B9F674EA14E0F322007B93CE /* Cedar.xcodeproj */;
			proxyType = 2;
			remoteGlobalIDString = AEEE222911DC2B0600029872;
			remoteInfo = "Cedar-StaticLib";
		};
		B9F6750614E0F323007B93CE /* PBXContainerItemProxy */ = {
			isa = PBXContainerItemProxy;
			containerPortal = B9F674EA14E0F322007B93CE /* Cedar.xcodeproj */;
			proxyType = 2;
			remoteGlobalIDString = AEEE227611DC2CF900029872;
			remoteInfo = iOSSpecs;
		};
		B9F6750814E0F323007B93CE /* PBXContainerItemProxy */ = {
			isa = PBXContainerItemProxy;
			containerPortal = B9F674EA14E0F322007B93CE /* Cedar.xcodeproj */;
			proxyType = 2;
			remoteGlobalIDString = 96B5F9F6144A81A7000A6A5D;
			remoteInfo = OCUnitApp;
		};
		B9F6750A14E0F323007B93CE /* PBXContainerItemProxy */ = {
			isa = PBXContainerItemProxy;
			containerPortal = B9F674EA14E0F322007B93CE /* Cedar.xcodeproj */;
			proxyType = 2;
			remoteGlobalIDString = 96B5FA11144A81A8000A6A5D;
			remoteInfo = OCUnitAppTests;
		};
		B9F6750C14E0F323007B93CE /* PBXContainerItemProxy */ = {
			isa = PBXContainerItemProxy;
			containerPortal = B9F674EA14E0F322007B93CE /* Cedar.xcodeproj */;
			proxyType = 2;
			remoteGlobalIDString = 96158A86144A915E005895CE;
			remoteInfo = OCUnitAppLogicTests;
		};
		B9F6754314E0F9CE007B93CE /* PBXContainerItemProxy */ = {
			isa = PBXContainerItemProxy;
			containerPortal = B9F674EA14E0F322007B93CE /* Cedar.xcodeproj */;
			proxyType = 1;
			remoteGlobalIDString = AEEE222811DC2B0600029872;
			remoteInfo = "Cedar-StaticLib";
		};
/* End PBXContainerItemProxy section */

/* Begin PBXFileReference section */
		B9F6746314E0ECA0007B93CE /* Cedar Boilerplate.app */ = {isa = PBXFileReference; explicitFileType = wrapper.application; includeInIndex = 0; path = "Cedar Boilerplate.app"; sourceTree = BUILT_PRODUCTS_DIR; };
		B9F6746714E0ECA0007B93CE /* UIKit.framework */ = {isa = PBXFileReference; lastKnownFileType = wrapper.framework; name = UIKit.framework; path = System/Library/Frameworks/UIKit.framework; sourceTree = SDKROOT; };
		B9F6746914E0ECA0007B93CE /* Foundation.framework */ = {isa = PBXFileReference; lastKnownFileType = wrapper.framework; name = Foundation.framework; path = System/Library/Frameworks/Foundation.framework; sourceTree = SDKROOT; };
		B9F6746B14E0ECA0007B93CE /* CoreGraphics.framework */ = {isa = PBXFileReference; lastKnownFileType = wrapper.framework; name = CoreGraphics.framework; path = System/Library/Frameworks/CoreGraphics.framework; sourceTree = SDKROOT; };
		B9F6749214E0EE42007B93CE /* AppDelegate.h */ = {isa = PBXFileReference; fileEncoding = 4; lastKnownFileType = sourcecode.c.h; path = AppDelegate.h; sourceTree = "<group>"; };
		B9F6749314E0EE42007B93CE /* AppDelegate.m */ = {isa = PBXFileReference; fileEncoding = 4; lastKnownFileType = sourcecode.c.objc; path = AppDelegate.m; sourceTree = "<group>"; };
		B9F6749514E0EE42007B93CE /* FlipsideViewController.h */ = {isa = PBXFileReference; fileEncoding = 4; lastKnownFileType = sourcecode.c.h; path = FlipsideViewController.h; sourceTree = "<group>"; };
		B9F6749614E0EE42007B93CE /* FlipsideViewController.m */ = {isa = PBXFileReference; fileEncoding = 4; lastKnownFileType = sourcecode.c.objc; path = FlipsideViewController.m; sourceTree = "<group>"; };
		B9F6749714E0EE42007B93CE /* MainViewController.h */ = {isa = PBXFileReference; fileEncoding = 4; lastKnownFileType = sourcecode.c.h; path = MainViewController.h; sourceTree = "<group>"; };
		B9F6749814E0EE42007B93CE /* MainViewController.m */ = {isa = PBXFileReference; fileEncoding = 4; lastKnownFileType = sourcecode.c.objc; path = MainViewController.m; sourceTree = "<group>"; };
		B9F6749914E0EE42007B93CE /* main.m */ = {isa = PBXFileReference; fileEncoding = 4; lastKnownFileType = sourcecode.c.objc; path = main.m; sourceTree = "<group>"; };
		B9F674A114E0EEB7007B93CE /* en */ = {isa = PBXFileReference; lastKnownFileType = file.xib; name = en; path = FlipsideViewController.xib; sourceTree = "<group>"; };
		B9F674A314E0EEB7007B93CE /* en */ = {isa = PBXFileReference; lastKnownFileType = text.plist.strings; name = en; path = InfoPlist.strings; sourceTree = "<group>"; };
		B9F674A514E0EEB7007B93CE /* en */ = {isa = PBXFileReference; lastKnownFileType = file.xib; name = en; path = MainViewController.xib; sourceTree = "<group>"; };
		B9F674A914E0EED0007B93CE /* CedarBoilerplate-Info.plist */ = {isa = PBXFileReference; fileEncoding = 4; lastKnownFileType = text.plist.xml; path = "CedarBoilerplate-Info.plist"; sourceTree = "<group>"; };
		B9F674EA14E0F322007B93CE /* Cedar.xcodeproj */ = {isa = PBXFileReference; lastKnownFileType = "wrapper.pb-project"; name = Cedar.xcodeproj; path = Cedar/Cedar.xcodeproj; sourceTree = "<group>"; };
		B9F6751214E0F3F9007B93CE /* UISpecs.app */ = {isa = PBXFileReference; explicitFileType = wrapper.application; includeInIndex = 0; path = UISpecs.app; sourceTree = BUILT_PRODUCTS_DIR; };
		B9F6753C14E0F503007B93CE /* main.m */ = {isa = PBXFileReference; fileEncoding = 4; lastKnownFileType = sourcecode.c.objc; path = main.m; sourceTree = "<group>"; };
		B9F6753D14E0F503007B93CE /* UISpecs-Info.plist */ = {isa = PBXFileReference; fileEncoding = 4; lastKnownFileType = text.plist.xml; path = "UISpecs-Info.plist"; sourceTree = "<group>"; };
		B9F6754914E0FD84007B93CE /* MainViewControllerSpec.mm */ = {isa = PBXFileReference; fileEncoding = 4; lastKnownFileType = sourcecode.cpp.objcpp; path = MainViewControllerSpec.mm; sourceTree = "<group>"; };
		B9F6754F14E10303007B93CE /* LICENSES */ = {isa = PBXFileReference; lastKnownFileType = text; path = LICENSES; sourceTree = "<group>"; };
		B9F6755014E1075F007B93CE /* README.markdown */ = {isa = PBXFileReference; lastKnownFileType = text; path = README.markdown; sourceTree = "<group>"; };
/* End PBXFileReference section */

/* Begin PBXFrameworksBuildPhase section */
		B9F6746014E0ECA0007B93CE /* Frameworks */ = {
			isa = PBXFrameworksBuildPhase;
			buildActionMask = 2147483647;
			files = (
				B9F6746814E0ECA0007B93CE /* UIKit.framework in Frameworks */,
				B9F6746A14E0ECA0007B93CE /* Foundation.framework in Frameworks */,
				B9F6746C14E0ECA0007B93CE /* CoreGraphics.framework in Frameworks */,
			);
			runOnlyForDeploymentPostprocessing = 0;
		};
		B9F6750F14E0F3F9007B93CE /* Frameworks */ = {
			isa = PBXFrameworksBuildPhase;
			buildActionMask = 2147483647;
			files = (
				B9F6754114E0F592007B93CE /* libCedar-StaticLib.a in Frameworks */,
				B9F6751414E0F3F9007B93CE /* UIKit.framework in Frameworks */,
				B9F6751514E0F3F9007B93CE /* Foundation.framework in Frameworks */,
				B9F6751614E0F3F9007B93CE /* CoreGraphics.framework in Frameworks */,
			);
			runOnlyForDeploymentPostprocessing = 0;
		};
/* End PBXFrameworksBuildPhase section */

/* Begin PBXGroup section */
		B9F6745814E0EC9F007B93CE = {
			isa = PBXGroup;
			children = (
				B9F6748F14E0EE0C007B93CE /* App */,
				B9F6752614E0F4AC007B93CE /* Spec */,
				B9F6749E14E0EE8F007B93CE /* Resources */,
				B9F674E914E0F2B7007B93CE /* Externals */,
				B9F6746614E0ECA0007B93CE /* Frameworks */,
				B9F6746414E0ECA0007B93CE /* Products */,
				B9F674A914E0EED0007B93CE /* CedarBoilerplate-Info.plist */,
				B9F6754F14E10303007B93CE /* LICENSES */,
				B9F6755014E1075F007B93CE /* README.markdown */,
			);
			sourceTree = "<group>";
		};
		B9F6746414E0ECA0007B93CE /* Products */ = {
			isa = PBXGroup;
			children = (
				B9F6746314E0ECA0007B93CE /* Cedar Boilerplate.app */,
				B9F6751214E0F3F9007B93CE /* UISpecs.app */,
			);
			name = Products;
			sourceTree = "<group>";
		};
		B9F6746614E0ECA0007B93CE /* Frameworks */ = {
			isa = PBXGroup;
			children = (
				B9F6746714E0ECA0007B93CE /* UIKit.framework */,
				B9F6746914E0ECA0007B93CE /* Foundation.framework */,
				B9F6746B14E0ECA0007B93CE /* CoreGraphics.framework */,
			);
			name = Frameworks;
			sourceTree = "<group>";
		};
		B9F6748F14E0EE0C007B93CE /* App */ = {
			isa = PBXGroup;
			children = (
				B9F6749114E0EE29007B93CE /* UI */,
			);
			path = App;
			sourceTree = "<group>";
		};
		B9F6749114E0EE29007B93CE /* UI */ = {
			isa = PBXGroup;
			children = (
				B9F6749414E0EE42007B93CE /* Controllers */,
				B9F6749214E0EE42007B93CE /* AppDelegate.h */,
				B9F6749314E0EE42007B93CE /* AppDelegate.m */,
				B9F6749914E0EE42007B93CE /* main.m */,
			);
			path = UI;
			sourceTree = "<group>";
		};
		B9F6749414E0EE42007B93CE /* Controllers */ = {
			isa = PBXGroup;
			children = (
				B9F6749514E0EE42007B93CE /* FlipsideViewController.h */,
				B9F6749614E0EE42007B93CE /* FlipsideViewController.m */,
				B9F6749714E0EE42007B93CE /* MainViewController.h */,
				B9F6749814E0EE42007B93CE /* MainViewController.m */,
			);
			path = Controllers;
			sourceTree = "<group>";
		};
		B9F6749E14E0EE8F007B93CE /* Resources */ = {
			isa = PBXGroup;
			children = (
				B9F6749F14E0EEB7007B93CE /* en.lproj */,
			);
			path = Resources;
			sourceTree = "<group>";
		};
		B9F6749F14E0EEB7007B93CE /* en.lproj */ = {
			isa = PBXGroup;
			children = (
				B9F674A214E0EEB7007B93CE /* InfoPlist.strings */,
				B9F674A014E0EEB7007B93CE /* FlipsideViewController.xib */,
				B9F674A414E0EEB7007B93CE /* MainViewController.xib */,
			);
			path = en.lproj;
			sourceTree = "<group>";
		};
		B9F674E914E0F2B7007B93CE /* Externals */ = {
			isa = PBXGroup;
			children = (
				B9F674EA14E0F322007B93CE /* Cedar.xcodeproj */,
			);
			path = Externals;
			sourceTree = "<group>";
		};
		B9F674EB14E0F322007B93CE /* Products */ = {
			isa = PBXGroup;
			children = (
				B9F674FF14E0F323007B93CE /* Cedar.framework */,
				B9F6750114E0F323007B93CE /* Specs */,
				B9F6750314E0F323007B93CE /* FocusedSpecs */,
				B9F6750514E0F323007B93CE /* libCedar-StaticLib.a */,
				B9F6750714E0F323007B93CE /* iOSSpecs.app */,
				B9F6750914E0F323007B93CE /* OCUnitApp.app */,
				B9F6750B14E0F323007B93CE /* OCUnitAppTests.octest */,
				B9F6750D14E0F323007B93CE /* OCUnitAppLogicTests.octest */,
			);
			name = Products;
			sourceTree = "<group>";
		};
		B9F6752614E0F4AC007B93CE /* Spec */ = {
			isa = PBXGroup;
			children = (
				B9F6753914E0F4EE007B93CE /* UI */,
			);
			path = Spec;
			sourceTree = "<group>";
		};
		B9F6753914E0F4EE007B93CE /* UI */ = {
			isa = PBXGroup;
			children = (
				B9F6754514E0FCB6007B93CE /* Controllers */,
				B9F6753C14E0F503007B93CE /* main.m */,
				B9F6753D14E0F503007B93CE /* UISpecs-Info.plist */,
			);
			path = UI;
			sourceTree = "<group>";
		};
		B9F6754514E0FCB6007B93CE /* Controllers */ = {
			isa = PBXGroup;
			children = (
				B9F6754914E0FD84007B93CE /* MainViewControllerSpec.mm */,
			);
			path = Controllers;
			sourceTree = "<group>";
		};
/* End PBXGroup section */

/* Begin PBXNativeTarget section */
		B9F6746214E0ECA0007B93CE /* Cedar Boilerplate */ = {
			isa = PBXNativeTarget;
			buildConfigurationList = B9F6748714E0ECA0007B93CE /* Build configuration list for PBXNativeTarget "Cedar Boilerplate" */;
			buildPhases = (
				B9F6745F14E0ECA0007B93CE /* Sources */,
				B9F6746014E0ECA0007B93CE /* Frameworks */,
				B9F6746114E0ECA0007B93CE /* Resources */,
			);
			buildRules = (
			);
			dependencies = (
			);
			name = "Cedar Boilerplate";
			productName = "Cedar Boilerplate";
			productReference = B9F6746314E0ECA0007B93CE /* Cedar Boilerplate.app */;
			productType = "com.apple.product-type.application";
		};
		B9F6751114E0F3F9007B93CE /* UISpecs */ = {
			isa = PBXNativeTarget;
			buildConfigurationList = B9F6752314E0F3F9007B93CE /* Build configuration list for PBXNativeTarget "UISpecs" */;
			buildPhases = (
				B9F6750E14E0F3F9007B93CE /* Sources */,
				B9F6750F14E0F3F9007B93CE /* Frameworks */,
				B9F6751014E0F3F9007B93CE /* Resources */,
			);
			buildRules = (
			);
			dependencies = (
				B9F6754414E0F9CE007B93CE /* PBXTargetDependency */,
			);
			name = UISpecs;
			productName = UISpecs;
			productReference = B9F6751214E0F3F9007B93CE /* UISpecs.app */;
			productType = "com.apple.product-type.application";
		};
/* End PBXNativeTarget section */

/* Begin PBXProject section */
		B9F6745A14E0EC9F007B93CE /* Project object */ = {
			isa = PBXProject;
			attributes = {
				LastUpgradeCheck = 0420;
			};
			buildConfigurationList = B9F6745D14E0EC9F007B93CE /* Build configuration list for PBXProject "Cedar Boilerplate" */;
			compatibilityVersion = "Xcode 3.2";
			developmentRegion = English;
			hasScannedForEncodings = 0;
			knownRegions = (
				en,
			);
			mainGroup = B9F6745814E0EC9F007B93CE;
			productRefGroup = B9F6746414E0ECA0007B93CE /* Products */;
			projectDirPath = "";
			projectReferences = (
				{
					ProductGroup = B9F674EB14E0F322007B93CE /* Products */;
					ProjectRef = B9F674EA14E0F322007B93CE /* Cedar.xcodeproj */;
				},
			);
			projectRoot = "";
			targets = (
				B9F6746214E0ECA0007B93CE /* Cedar Boilerplate */,
				B9F6751114E0F3F9007B93CE /* UISpecs */,
			);
		};
/* End PBXProject section */

/* Begin PBXReferenceProxy section */
		B9F674FF14E0F323007B93CE /* Cedar.framework */ = {
			isa = PBXReferenceProxy;
			fileType = wrapper.framework;
			path = Cedar.framework;
			remoteRef = B9F674FE14E0F323007B93CE /* PBXContainerItemProxy */;
			sourceTree = BUILT_PRODUCTS_DIR;
		};
		B9F6750114E0F323007B93CE /* Specs */ = {
			isa = PBXReferenceProxy;
			fileType = "compiled.mach-o.executable";
			path = Specs;
			remoteRef = B9F6750014E0F323007B93CE /* PBXContainerItemProxy */;
			sourceTree = BUILT_PRODUCTS_DIR;
		};
		B9F6750314E0F323007B93CE /* FocusedSpecs */ = {
			isa = PBXReferenceProxy;
			fileType = "compiled.mach-o.executable";
			path = FocusedSpecs;
			remoteRef = B9F6750214E0F323007B93CE /* PBXContainerItemProxy */;
			sourceTree = BUILT_PRODUCTS_DIR;
		};
		B9F6750514E0F323007B93CE /* libCedar-StaticLib.a */ = {
			isa = PBXReferenceProxy;
			fileType = archive.ar;
			path = "libCedar-StaticLib.a";
			remoteRef = B9F6750414E0F323007B93CE /* PBXContainerItemProxy */;
			sourceTree = BUILT_PRODUCTS_DIR;
		};
		B9F6750714E0F323007B93CE /* iOSSpecs.app */ = {
			isa = PBXReferenceProxy;
			fileType = wrapper.application;
			path = iOSSpecs.app;
			remoteRef = B9F6750614E0F323007B93CE /* PBXContainerItemProxy */;
			sourceTree = BUILT_PRODUCTS_DIR;
		};
		B9F6750914E0F323007B93CE /* OCUnitApp.app */ = {
			isa = PBXReferenceProxy;
			fileType = wrapper.application;
			path = OCUnitApp.app;
			remoteRef = B9F6750814E0F323007B93CE /* PBXContainerItemProxy */;
			sourceTree = BUILT_PRODUCTS_DIR;
		};
		B9F6750B14E0F323007B93CE /* OCUnitAppTests.octest */ = {
			isa = PBXReferenceProxy;
			fileType = wrapper.cfbundle;
			path = OCUnitAppTests.octest;
			remoteRef = B9F6750A14E0F323007B93CE /* PBXContainerItemProxy */;
			sourceTree = BUILT_PRODUCTS_DIR;
		};
		B9F6750D14E0F323007B93CE /* OCUnitAppLogicTests.octest */ = {
			isa = PBXReferenceProxy;
			fileType = wrapper.cfbundle;
			path = OCUnitAppLogicTests.octest;
			remoteRef = B9F6750C14E0F323007B93CE /* PBXContainerItemProxy */;
			sourceTree = BUILT_PRODUCTS_DIR;
		};
/* End PBXReferenceProxy section */

/* Begin PBXResourcesBuildPhase section */
		B9F6746114E0ECA0007B93CE /* Resources */ = {
			isa = PBXResourcesBuildPhase;
			buildActionMask = 2147483647;
			files = (
				B9F674A614E0EEB7007B93CE /* FlipsideViewController.xib in Resources */,
				B9F674A714E0EEB7007B93CE /* InfoPlist.strings in Resources */,
				B9F674A814E0EEB7007B93CE /* MainViewController.xib in Resources */,
				B9F674AA14E0EED0007B93CE /* CedarBoilerplate-Info.plist in Resources */,
			);
			runOnlyForDeploymentPostprocessing = 0;
		};
		B9F6751014E0F3F9007B93CE /* Resources */ = {
			isa = PBXResourcesBuildPhase;
			buildActionMask = 2147483647;
			files = (
				B9F6754014E0F503007B93CE /* UISpecs-Info.plist in Resources */,
				B9F6754B14E0FF75007B93CE /* MainViewController.xib in Resources */,
				B9F6754C14E0FF79007B93CE /* FlipsideViewController.xib in Resources */,
			);
			runOnlyForDeploymentPostprocessing = 0;
		};
/* End PBXResourcesBuildPhase section */

/* Begin PBXSourcesBuildPhase section */
		B9F6745F14E0ECA0007B93CE /* Sources */ = {
			isa = PBXSourcesBuildPhase;
			buildActionMask = 2147483647;
			files = (
				B9F6749A14E0EE42007B93CE /* AppDelegate.m in Sources */,
				B9F6749B14E0EE42007B93CE /* FlipsideViewController.m in Sources */,
				B9F6749C14E0EE42007B93CE /* MainViewController.m in Sources */,
				B9F6749D14E0EE42007B93CE /* main.m in Sources */,
			);
			runOnlyForDeploymentPostprocessing = 0;
		};
		B9F6750E14E0F3F9007B93CE /* Sources */ = {
			isa = PBXSourcesBuildPhase;
			buildActionMask = 2147483647;
			files = (
				B9F6753F14E0F503007B93CE /* main.m in Sources */,
				B9F6754614E0FD13007B93CE /* FlipsideViewController.m in Sources */,
				B9F6754714E0FD13007B93CE /* MainViewController.m in Sources */,
				B9F6754A14E0FD84007B93CE /* MainViewControllerSpec.mm in Sources */,
			);
			runOnlyForDeploymentPostprocessing = 0;
		};
/* End PBXSourcesBuildPhase section */

/* Begin PBXTargetDependency section */
		B9F6754414E0F9CE007B93CE /* PBXTargetDependency */ = {
			isa = PBXTargetDependency;
			name = "Cedar-StaticLib";
			targetProxy = B9F6754314E0F9CE007B93CE /* PBXContainerItemProxy */;
		};
/* End PBXTargetDependency section */

/* Begin PBXVariantGroup section */
		B9F674A014E0EEB7007B93CE /* FlipsideViewController.xib */ = {
			isa = PBXVariantGroup;
			children = (
				B9F674A114E0EEB7007B93CE /* en */,
			);
			name = FlipsideViewController.xib;
			sourceTree = "<group>";
		};
		B9F674A214E0EEB7007B93CE /* InfoPlist.strings */ = {
			isa = PBXVariantGroup;
			children = (
				B9F674A314E0EEB7007B93CE /* en */,
			);
			name = InfoPlist.strings;
			sourceTree = "<group>";
		};
		B9F674A414E0EEB7007B93CE /* MainViewController.xib */ = {
			isa = PBXVariantGroup;
			children = (
				B9F674A514E0EEB7007B93CE /* en */,
			);
			name = MainViewController.xib;
			sourceTree = "<group>";
		};
/* End PBXVariantGroup section */

/* Begin XCBuildConfiguration section */
		B9F6748514E0ECA0007B93CE /* Debug */ = {
			isa = XCBuildConfiguration;
			buildSettings = {
				ALWAYS_SEARCH_USER_PATHS = NO;
				ARCHS = "$(ARCHS_STANDARD_32_BIT)";
				"CODE_SIGN_IDENTITY[sdk=iphoneos*]" = "iPhone Developer";
				COPY_PHASE_STRIP = NO;
				GCC_C_LANGUAGE_STANDARD = gnu99;
				GCC_DYNAMIC_NO_PIC = NO;
				GCC_OPTIMIZATION_LEVEL = 0;
				GCC_PREPROCESSOR_DEFINITIONS = (
					"DEBUG=1",
					"$(inherited)",
				);
				GCC_SYMBOLS_PRIVATE_EXTERN = NO;
				GCC_TREAT_WARNINGS_AS_ERRORS = YES;
				GCC_VERSION = com.apple.compilers.llvm.clang.1_0;
				GCC_WARN_ABOUT_MISSING_PROTOTYPES = YES;
				GCC_WARN_ABOUT_RETURN_TYPE = YES;
				GCC_WARN_UNUSED_VARIABLE = YES;
				IPHONEOS_DEPLOYMENT_TARGET = 5.0;
				SDKROOT = iphoneos;
				WARNING_CFLAGS = "-Wno-idiomatic-parentheses";
			};
			name = Debug;
		};
		B9F6748614E0ECA0007B93CE /* Release */ = {
			isa = XCBuildConfiguration;
			buildSettings = {
				ALWAYS_SEARCH_USER_PATHS = NO;
				ARCHS = "$(ARCHS_STANDARD_32_BIT)";
				"CODE_SIGN_IDENTITY[sdk=iphoneos*]" = "iPhone Developer";
				COPY_PHASE_STRIP = YES;
				GCC_C_LANGUAGE_STANDARD = gnu99;
				GCC_TREAT_WARNINGS_AS_ERRORS = YES;
				GCC_VERSION = com.apple.compilers.llvm.clang.1_0;
				GCC_WARN_ABOUT_MISSING_PROTOTYPES = YES;
				GCC_WARN_ABOUT_RETURN_TYPE = YES;
				GCC_WARN_UNUSED_VARIABLE = YES;
				IPHONEOS_DEPLOYMENT_TARGET = 5.0;
				OTHER_CFLAGS = "-DNS_BLOCK_ASSERTIONS=1";
				SDKROOT = iphoneos;
				VALIDATE_PRODUCT = YES;
				WARNING_CFLAGS = "-Wno-idiomatic-parentheses";
			};
			name = Release;
		};
		B9F6748814E0ECA0007B93CE /* Debug */ = {
			isa = XCBuildConfiguration;
			buildSettings = {
				GCC_PRECOMPILE_PREFIX_HEADER = YES;
				INFOPLIST_FILE = "CedarBoilerplate-Info.plist";
				PRODUCT_NAME = "$(TARGET_NAME)";
				WRAPPER_EXTENSION = app;
			};
			name = Debug;
		};
		B9F6748914E0ECA0007B93CE /* Release */ = {
			isa = XCBuildConfiguration;
			buildSettings = {
				GCC_PRECOMPILE_PREFIX_HEADER = YES;
				INFOPLIST_FILE = "CedarBoilerplate-Info.plist";
				PRODUCT_NAME = "$(TARGET_NAME)";
				WRAPPER_EXTENSION = app;
			};
			name = Release;
		};
		B9F6752414E0F3F9007B93CE /* Debug */ = {
			isa = XCBuildConfiguration;
			buildSettings = {
				"CODE_SIGN_IDENTITY[sdk=iphoneos*]" = "iPhone Developer";
				GCC_PRECOMPILE_PREFIX_HEADER = YES;
				HEADER_SEARCH_PATHS = "$SRCROOT/Externals/Cedar/**";
				INFOPLIST_FILE = "Spec/UI/UISpecs-Info.plist";
				OTHER_LDFLAGS = (
					"-lstdc++",
					"-all_load",
					"-ObjC",
				);
				PRODUCT_NAME = "$(TARGET_NAME)";
				WRAPPER_EXTENSION = app;
			};
			name = Debug;
		};
		B9F6752514E0F3F9007B93CE /* Release */ = {
			isa = XCBuildConfiguration;
			buildSettings = {
				"CODE_SIGN_IDENTITY[sdk=iphoneos*]" = "iPhone Developer";
				GCC_PRECOMPILE_PREFIX_HEADER = YES;
				HEADER_SEARCH_PATHS = "$SRCROOT/Externals/Cedar/**";
				INFOPLIST_FILE = "Spec/UI/UISpecs-Info.plist";
				OTHER_LDFLAGS = (
					"-lstdc++",
					"-all_load",
					"-ObjC",
				);
				PRODUCT_NAME = "$(TARGET_NAME)";
				WRAPPER_EXTENSION = app;
			};
			name = Release;
		};
/* End XCBuildConfiguration section */

/* Begin XCConfigurationList section */
		B9F6745D14E0EC9F007B93CE /* Build configuration list for PBXProject "Cedar Boilerplate" */ = {
			isa = XCConfigurationList;
			buildConfigurations = (
				B9F6748514E0ECA0007B93CE /* Debug */,
				B9F6748614E0ECA0007B93CE /* Release */,
			);
			defaultConfigurationIsVisible = 0;
			defaultConfigurationName = Release;
		};
		B9F6748714E0ECA0007B93CE /* Build configuration list for PBXNativeTarget "Cedar Boilerplate" */ = {
			isa = XCConfigurationList;
			buildConfigurations = (
				B9F6748814E0ECA0007B93CE /* Debug */,
				B9F6748914E0ECA0007B93CE /* Release */,
			);
			defaultConfigurationIsVisible = 0;
			defaultConfigurationName = Release;
		};
		B9F6752314E0F3F9007B93CE /* Build configuration list for PBXNativeTarget "UISpecs" */ = {
			isa = XCConfigurationList;
			buildConfigurations = (
				B9F6752414E0F3F9007B93CE /* Debug */,
				B9F6752514E0F3F9007B93CE /* Release */,
			);
			defaultConfigurationIsVisible = 0;
		};
/* End XCConfigurationList section */
	};
	rootObject = B9F6745A14E0EC9F007B93CE /* Project object */;
}
